
Microsoft Visual Studio Solution File, Format Version 12.00
Project("{2150E333-8FDC-42A3-9474-1A3956D46DE8}") = "Lab0", "Lab0", "{4440D6F7-3B46-4054-8600-6868F31A514B}"
EndProject
Project("{2150E333-8FDC-42A3-9474-1A3956D46DE8}") = "Lab1", "Lab1", "{75A9202D-AF39-443C-B660-3725C0275ED3}"
EndProject
Project("{2150E333-8FDC-42A3-9474-1A3956D46DE8}") = "Lab2", "Lab2", "{F5F0E29B-41FF-48CA-8F68-6A6B81B6DC36}"
EndProject
Project("{2150E333-8FDC-42A3-9474-1A3956D46DE8}") = "Lab3", "Lab3", "{9EE07BED-3E62-43DB-83D6-6062C5F4A017}"
EndProject
Project("{2150E333-8FDC-42A3-9474-1A3956D46DE8}") = "Lab4", "Lab4", "{6E70AB26-AC98-490D-B454-80F777EFCD1E}"
EndProject
Project("{2150E333-8FDC-42A3-9474-1A3956D46DE8}") = "Lab5", "Lab5", "{C2F52C4E-F4C2-4C5E-A7BC-D12C9FFD9718}"
EndProject
Project("{2150E333-8FDC-42A3-9474-1A3956D46DE8}") = "Lab6", "Lab6", "{60A50C28-679D-4355-B166-CF8F30F43BDB}"
EndProject
Project("{FAE04EC0-301F-11D3-BF4B-00C04F79EFBC}") = "Isu", "Lab0\Isu\Isu.csproj", "{84E42B8D-F84E-4173-BCE3-D4FCA4BDED18}"
EndProject
Project("{FAE04EC0-301F-11D3-BF4B-00C04F79EFBC}") = "Isu.Test", "Lab0\Isu.Test\Isu.Test.csproj", "{1DA1198C-698E-45E1-A85B-10B49C6AF53A}"
EndProject
Project("{FAE04EC0-301F-11D3-BF4B-00C04F79EFBC}") = "Shops", "Lab1\Shops\Shops.csproj", "{8D1BA475-1A76-40A4-9861-BFE75EDBA61B}"
EndProject
Project("{FAE04EC0-301F-11D3-BF4B-00C04F79EFBC}") = "Shops.Test", "Lab1\Shops.Test\Shops.Test.csproj", "{BC58A504-2B89-4EC5-AD6F-E59CFFDAB64C}"
EndProject
Project("{FAE04EC0-301F-11D3-BF4B-00C04F79EFBC}") = "Isu.Extra", "Lab2\Isu.Extra\Isu.Extra.csproj", "{0D992581-4A70-4F54-9B73-4471907DC369}"
EndProject
Project("{FAE04EC0-301F-11D3-BF4B-00C04F79EFBC}") = "Isu.Extra.Test", "Lab2\Isu.Extra.Test\Isu.Extra.Test.csproj", "{C4818A58-4165-41E2-BD98-42C33F6E92AE}"
EndProject
Project("{FAE04EC0-301F-11D3-BF4B-00C04F79EFBC}") = "Backups", "Lab3\Backups\Backups.csproj", "{2294E481-8299-49E8-9027-B666EA325186}"
EndProject
Project("{FAE04EC0-301F-11D3-BF4B-00C04F79EFBC}") = "Backups.Test", "Lab3\Backups.Test\Backups.Test.csproj", "{47426BEF-B8CD-489E-A9C2-5D9A1A0505A7}"
EndProject
Project("{FAE04EC0-301F-11D3-BF4B-00C04F79EFBC}") = "Banks", "Lab4\Banks\Banks.csproj", "{F335E0BE-8E47-48CB-BC19-964C0D611A96}"
EndProject
Project("{FAE04EC0-301F-11D3-BF4B-00C04F79EFBC}") = "Banks.Test", "Lab4\Banks.Test\Banks.Test.csproj", "{A420634A-A065-492B-B4F5-DCA27B9C4CF3}"
EndProject
Project("{FAE04EC0-301F-11D3-BF4B-00C04F79EFBC}") = "Banks.Console", "Lab4\Banks.Console\Banks.Console.csproj", "{9CC858CB-D630-46A2-B747-B9E01A4F71E5}"
EndProject
Project("{FAE04EC0-301F-11D3-BF4B-00C04F79EFBC}") = "Backups.Extra", "Lab5\Backups.Extra\Backups.Extra.csproj", "{27848184-4868-4D22-B475-A939BD1EAB8B}"
EndProject
Project("{FAE04EC0-301F-11D3-BF4B-00C04F79EFBC}") = "Backups.Extra.Test", "Lab5\Backups.Extra.Test\Backups.Extra.Test.csproj", "{CDC9197E-D627-4705-8056-E67C46B786C7}"
EndProject
Global
	GlobalSection(SolutionConfigurationPlatforms) = preSolution
		Debug|Any CPU = Debug|Any CPU
		Release|Any CPU = Release|Any CPU
	EndGlobalSection
	GlobalSection(NestedProjects) = preSolution
		{84E42B8D-F84E-4173-BCE3-D4FCA4BDED18} = {4440D6F7-3B46-4054-8600-6868F31A514B}
		{1DA1198C-698E-45E1-A85B-10B49C6AF53A} = {4440D6F7-3B46-4054-8600-6868F31A514B}
		{8D1BA475-1A76-40A4-9861-BFE75EDBA61B} = {75A9202D-AF39-443C-B660-3725C0275ED3}
		{BC58A504-2B89-4EC5-AD6F-E59CFFDAB64C} = {75A9202D-AF39-443C-B660-3725C0275ED3}
		{0D992581-4A70-4F54-9B73-4471907DC369} = {F5F0E29B-41FF-48CA-8F68-6A6B81B6DC36}
		{C4818A58-4165-41E2-BD98-42C33F6E92AE} = {F5F0E29B-41FF-48CA-8F68-6A6B81B6DC36}
		{2294E481-8299-49E8-9027-B666EA325186} = {9EE07BED-3E62-43DB-83D6-6062C5F4A017}
		{47426BEF-B8CD-489E-A9C2-5D9A1A0505A7} = {9EE07BED-3E62-43DB-83D6-6062C5F4A017}
		{F335E0BE-8E47-48CB-BC19-964C0D611A96} = {6E70AB26-AC98-490D-B454-80F777EFCD1E}
		{A420634A-A065-492B-B4F5-DCA27B9C4CF3} = {6E70AB26-AC98-490D-B454-80F777EFCD1E}
		{9CC858CB-D630-46A2-B747-B9E01A4F71E5} = {6E70AB26-AC98-490D-B454-80F777EFCD1E}
		{27848184-4868-4D22-B475-A939BD1EAB8B} = {C2F52C4E-F4C2-4C5E-A7BC-D12C9FFD9718}
		{CDC9197E-D627-4705-8056-E67C46B786C7} = {C2F52C4E-F4C2-4C5E-A7BC-D12C9FFD9718}
	EndGlobalSection
	GlobalSection(ProjectConfigurationPlatforms) = postSolution
		{84E42B8D-F84E-4173-BCE3-D4FCA4BDED18}.Debug|Any CPU.ActiveCfg = Debug|Any CPU
		{84E42B8D-F84E-4173-BCE3-D4FCA4BDED18}.Debug|Any CPU.Build.0 = Debug|Any CPU
		{84E42B8D-F84E-4173-BCE3-D4FCA4BDED18}.Release|Any CPU.ActiveCfg = Release|Any CPU
		{84E42B8D-F84E-4173-BCE3-D4FCA4BDED18}.Release|Any CPU.Build.0 = Release|Any CPU
		{1DA1198C-698E-45E1-A85B-10B49C6AF53A}.Debug|Any CPU.ActiveCfg = Debug|Any CPU
		{1DA1198C-698E-45E1-A85B-10B49C6AF53A}.Debug|Any CPU.Build.0 = Debug|Any CPU
		{1DA1198C-698E-45E1-A85B-10B49C6AF53A}.Release|Any CPU.ActiveCfg = Release|Any CPU
		{1DA1198C-698E-45E1-A85B-10B49C6AF53A}.Release|Any CPU.Build.0 = Release|Any CPU
		{8D1BA475-1A76-40A4-9861-BFE75EDBA61B}.Debug|Any CPU.ActiveCfg = Debug|Any CPU
		{8D1BA475-1A76-40A4-9861-BFE75EDBA61B}.Debug|Any CPU.Build.0 = Debug|Any CPU
		{8D1BA475-1A76-40A4-9861-BFE75EDBA61B}.Release|Any CPU.ActiveCfg = Release|Any CPU
		{8D1BA475-1A76-40A4-9861-BFE75EDBA61B}.Release|Any CPU.Build.0 = Release|Any CPU
		{BC58A504-2B89-4EC5-AD6F-E59CFFDAB64C}.Debug|Any CPU.ActiveCfg = Debug|Any CPU
		{BC58A504-2B89-4EC5-AD6F-E59CFFDAB64C}.Debug|Any CPU.Build.0 = Debug|Any CPU
		{BC58A504-2B89-4EC5-AD6F-E59CFFDAB64C}.Release|Any CPU.ActiveCfg = Release|Any CPU
		{BC58A504-2B89-4EC5-AD6F-E59CFFDAB64C}.Release|Any CPU.Build.0 = Release|Any CPU
		{0D992581-4A70-4F54-9B73-4471907DC369}.Debug|Any CPU.ActiveCfg = Debug|Any CPU
		{0D992581-4A70-4F54-9B73-4471907DC369}.Debug|Any CPU.Build.0 = Debug|Any CPU
		{0D992581-4A70-4F54-9B73-4471907DC369}.Release|Any CPU.ActiveCfg = Release|Any CPU
		{0D992581-4A70-4F54-9B73-4471907DC369}.Release|Any CPU.Build.0 = Release|Any CPU
		{C4818A58-4165-41E2-BD98-42C33F6E92AE}.Debug|Any CPU.ActiveCfg = Debug|Any CPU
		{C4818A58-4165-41E2-BD98-42C33F6E92AE}.Debug|Any CPU.Build.0 = Debug|Any CPU
		{C4818A58-4165-41E2-BD98-42C33F6E92AE}.Release|Any CPU.ActiveCfg = Release|Any CPU
		{C4818A58-4165-41E2-BD98-42C33F6E92AE}.Release|Any CPU.Build.0 = Release|Any CPU
		{2294E481-8299-49E8-9027-B666EA325186}.Debug|Any CPU.ActiveCfg = Debug|Any CPU
		{2294E481-8299-49E8-9027-B666EA325186}.Debug|Any CPU.Build.0 = Debug|Any CPU
		{2294E481-8299-49E8-9027-B666EA325186}.Release|Any CPU.ActiveCfg = Release|Any CPU
		{2294E481-8299-49E8-9027-B666EA325186}.Release|Any CPU.Build.0 = Release|Any CPU
		{47426BEF-B8CD-489E-A9C2-5D9A1A0505A7}.Debug|Any CPU.ActiveCfg = Debug|Any CPU
		{47426BEF-B8CD-489E-A9C2-5D9A1A0505A7}.Debug|Any CPU.Build.0 = Debug|Any CPU
		{47426BEF-B8CD-489E-A9C2-5D9A1A0505A7}.Release|Any CPU.ActiveCfg = Release|Any CPU
		{47426BEF-B8CD-489E-A9C2-5D9A1A0505A7}.Release|Any CPU.Build.0 = Release|Any CPU
		{F335E0BE-8E47-48CB-BC19-964C0D611A96}.Debug|Any CPU.ActiveCfg = Debug|Any CPU
		{F335E0BE-8E47-48CB-BC19-964C0D611A96}.Debug|Any CPU.Build.0 = Debug|Any CPU
		{F335E0BE-8E47-48CB-BC19-964C0D611A96}.Release|Any CPU.ActiveCfg = Release|Any CPU
		{F335E0BE-8E47-48CB-BC19-964C0D611A96}.Release|Any CPU.Build.0 = Release|Any CPU
		{A420634A-A065-492B-B4F5-DCA27B9C4CF3}.Debug|Any CPU.ActiveCfg = Debug|Any CPU
		{A420634A-A065-492B-B4F5-DCA27B9C4CF3}.Debug|Any CPU.Build.0 = Debug|Any CPU
		{A420634A-A065-492B-B4F5-DCA27B9C4CF3}.Release|Any CPU.ActiveCfg = Release|Any CPU
		{A420634A-A065-492B-B4F5-DCA27B9C4CF3}.Release|Any CPU.Build.0 = Release|Any CPU
		{9CC858CB-D630-46A2-B747-B9E01A4F71E5}.Debug|Any CPU.ActiveCfg = Debug|Any CPU
		{9CC858CB-D630-46A2-B747-B9E01A4F71E5}.Debug|Any CPU.Build.0 = Debug|Any CPU
		{9CC858CB-D630-46A2-B747-B9E01A4F71E5}.Release|Any CPU.ActiveCfg = Release|Any CPU
		{9CC858CB-D630-46A2-B747-B9E01A4F71E5}.Release|Any CPU.Build.0 = Release|Any CPU
		{27848184-4868-4D22-B475-A939BD1EAB8B}.Debug|Any CPU.ActiveCfg = Debug|Any CPU
		{27848184-4868-4D22-B475-A939BD1EAB8B}.Debug|Any CPU.Build.0 = Debug|Any CPU
		{27848184-4868-4D22-B475-A939BD1EAB8B}.Release|Any CPU.ActiveCfg = Release|Any CPU
		{27848184-4868-4D22-B475-A939BD1EAB8B}.Release|Any CPU.Build.0 = Release|Any CPU
		{CDC9197E-D627-4705-8056-E67C46B786C7}.Debug|Any CPU.ActiveCfg = Debug|Any CPU
		{CDC9197E-D627-4705-8056-E67C46B786C7}.Debug|Any CPU.Build.0 = Debug|Any CPU
		{CDC9197E-D627-4705-8056-E67C46B786C7}.Release|Any CPU.ActiveCfg = Release|Any CPU
		{CDC9197E-D627-4705-8056-E67C46B786C7}.Release|Any CPU.Build.0 = Release|Any CPU
	EndGlobalSection
EndGlobal
